
Microsoft Visual Studio Solution File, Format Version 12.00
# Visual Studio Version 17
VisualStudioVersion = 17.13.35919.96 d17.13
MinimumVisualStudioVersion = 10.0.40219.1
Project("{FAE04EC0-301F-11D3-BF4B-00C04F79EFBC}") = "GetToKnowYourself", "GetToKnowYourself.csproj", "{A0C2DE5F-28A2-4DFF-9B4C-09F41B2A3F39}"
EndProject
Global
	GlobalSection(SolutionConfigurationPlatforms) = preSolution
		Debug|Any CPU = Debug|Any CPU
		Release|Any CPU = Release|Any CPU
	EndGlobalSection
	GlobalSection(ProjectConfigurationPlatforms) = postSolution
		{A0C2DE5F-28A2-4DFF-9B4C-09F41B2A3F39}.Debug|Any CPU.ActiveCfg = Debug|Any CPU
		{A0C2DE5F-28A2-4DFF-9B4C-09F41B2A3F39}.Debug|Any CPU.Build.0 = Debug|Any CPU
		{A0C2DE5F-28A2-4DFF-9B4C-09F41B2A3F39}.Release|Any CPU.ActiveCfg = Release|Any CPU
		{A0C2DE5F-28A2-4DFF-9B4C-09F41B2A3F39}.Release|Any CPU.Build.0 = Release|Any CPU
	EndGlobalSection
	GlobalSection(SolutionProperties) = preSolution
		HideSolutionNode = FALSE
	EndGlobalSection
	GlobalSection(ExtensibilityGlobals) = postSolution
		SolutionGuid = {973D3786-0355-4FE7-BC6F-CD1255CF1E13}
	EndGlobalSection
EndGlobal
